{
    __meta__ = {
        version = "1.0"
    },
    ["windows|x64"] = {
        ["cmake#31fecfc4"] = {
            repo = {
                branch = "master",
                commit = "f0ba10d262e0fb25611cddcc9d1b23f4e9357faa",
                url = "https://github.com/xmake-io/xmake-repo.git"
            },
            version = "3.22.1"
        },
        ["lua#31fecfc4"] = {
            repo = {
                branch = "master",
                commit = "fd78d3b46dd506c7b96f17ae722d4a5170a1ea52",
                url = "https://github.com/xmake-io/xmake-repo.git"
            },
            version = "v5.4.4"
        },
        ["onetbb#31fecfc4"] = {
            repo = {
                branch = "master",
                commit = "ee5a280779ec1b7fc61815ee936de1586b8a52e1",
                url = "https://github.com/xmake-io/xmake-repo.git"
            },
            version = "2021.5.0"
        },
        ["sol2#31fecfc4"] = {
            repo = {
                branch = "master",
                commit = "fd78d3b46dd506c7b96f17ae722d4a5170a1ea52",
                url = "https://github.com/xmake-io/xmake-repo.git"
            },
            version = "v3.2.3"
        },
        ["spdlog#31fecfc4"] = {
            repo = {
                branch = "master",
                commit = "bd5bdc920299d0626c329f0322d3e9f0475b3732",
                url = "https://github.com/xmake-io/xmake-repo.git"
            },
            version = "v1.10.0"
        }
    }
}