{
    __meta__ = {
        version = "1.0"
    },
    ["windows|x64"] = {
        ["cmake#31fecfc4"] = {
            repo = {
                branch = "master",
                commit = "291f3d35bb47de9c0e8eec5944ccc14e968e27e9",
                url = "https://github.com/xmake-io/xmake-repo.git"
            },
            version = "3.22.1"
        },
        ["gtest#7895f0fa"] = {
            repo = {
                branch = "master",
                commit = "a866090956c8d7375e71feafa27455697fb938b6",
                url = "https://github.com/xmake-io/xmake-repo.git"
            },
            version = "1.11.0"
        },
        ["lua#31fecfc4"] = {
            repo = {
                branch = "master",
                commit = "fd78d3b46dd506c7b96f17ae722d4a5170a1ea52",
                url = "https://github.com/xmake-io/xmake-repo.git"
            },
            version = "v5.4.4"
        },
        ["sol2#31fecfc4"] = {
            repo = {
                branch = "master",
                commit = "fd78d3b46dd506c7b96f17ae722d4a5170a1ea52",
                url = "https://github.com/xmake-io/xmake-repo.git"
            },
            version = "v3.2.3"
        },
        ["spdlog#31fecfc4"] = {
            repo = {
                branch = "master",
                commit = "bd5bdc920299d0626c329f0322d3e9f0475b3732",
                url = "https://github.com/xmake-io/xmake-repo.git"
            },
            version = "v1.10.0"
        }
    }
}